
Microsoft Visual Studio Solution File, Format Version 12.00
# Visual Studio Version 16
VisualStudioVersion = 25.0.1703.5
MinimumVisualStudioVersion = 10.0.40219.1
Project("{FAE04EC0-301F-11D3-BF4B-00C04F79EFBC}") = "AlbyApiSample.Web", "AlbyApiSample.Web\AlbyApiSample.Web.csproj", "{FF3CF822-02AF-43BB-8DDA-C62B78827278}"
EndProject
Global
	GlobalSection(SolutionConfigurationPlatforms) = preSolution
		Debug|Any CPU = Debug|Any CPU
		Release|Any CPU = Release|Any CPU
	EndGlobalSection
	GlobalSection(ProjectConfigurationPlatforms) = postSolution
		{FF3CF822-02AF-43BB-8DDA-C62B78827278}.Debug|Any CPU.ActiveCfg = Debug|Any CPU
		{FF3CF822-02AF-43BB-8DDA-C62B78827278}.Debug|Any CPU.Build.0 = Debug|Any CPU
		{FF3CF822-02AF-43BB-8DDA-C62B78827278}.Release|Any CPU.ActiveCfg = Release|Any CPU
		{FF3CF822-02AF-43BB-8DDA-C62B78827278}.Release|Any CPU.Build.0 = Release|Any CPU
	EndGlobalSection
	GlobalSection(SolutionProperties) = preSolution
		HideSolutionNode = FALSE
	EndGlobalSection
	GlobalSection(ExtensibilityGlobals) = postSolution
		SolutionGuid = {2F16C942-F1B5-4F36-8D4F-3C71591C4FD1}
	EndGlobalSection
EndGlobal
